
Microsoft Visual Studio Solution File, Format Version 11.00
# Visual Studio 2010
Project("{FAE04EC0-301F-11D3-BF4B-00C04F79EFBC}") = "PasswordManagementUtility", "PasswordManagementUtility\PasswordManagementUtility.csproj", "{4BA51CC1-93CB-43B3-AE34-7C7EEA9ACBEA}"
EndProject
Project("{FAE04EC0-301F-11D3-BF4B-00C04F79EFBC}") = "PMULib", "PMULib\PMULib.csproj", "{BE79C83D-52AC-479F-AC45-5F2FEDDF2C1B}"
EndProject
Global
	GlobalSection(SolutionConfigurationPlatforms) = preSolution
		Debug|Any CPU = Debug|Any CPU
		Release|Any CPU = Release|Any CPU
	EndGlobalSection
	GlobalSection(ProjectConfigurationPlatforms) = postSolution
		{4BA51CC1-93CB-43B3-AE34-7C7EEA9ACBEA}.Debug|Any CPU.ActiveCfg = Debug|Any CPU
		{4BA51CC1-93CB-43B3-AE34-7C7EEA9ACBEA}.Debug|Any CPU.Build.0 = Debug|Any CPU
		{4BA51CC1-93CB-43B3-AE34-7C7EEA9ACBEA}.Release|Any CPU.ActiveCfg = Release|Any CPU
		{4BA51CC1-93CB-43B3-AE34-7C7EEA9ACBEA}.Release|Any CPU.Build.0 = Release|Any CPU
		{BE79C83D-52AC-479F-AC45-5F2FEDDF2C1B}.Debug|Any CPU.ActiveCfg = Debug|Any CPU
		{BE79C83D-52AC-479F-AC45-5F2FEDDF2C1B}.Debug|Any CPU.Build.0 = Debug|Any CPU
		{BE79C83D-52AC-479F-AC45-5F2FEDDF2C1B}.Release|Any CPU.ActiveCfg = Release|Any CPU
		{BE79C83D-52AC-479F-AC45-5F2FEDDF2C1B}.Release|Any CPU.Build.0 = Release|Any CPU
	EndGlobalSection
	GlobalSection(SolutionProperties) = preSolution
		HideSolutionNode = FALSE
	EndGlobalSection
EndGlobal
